
Microsoft Visual Studio Solution File, Format Version 12.00
# Visual Studio Version 16
VisualStudioVersion = 16.0.31613.86
MinimumVisualStudioVersion = 10.0.40219.1
Project("{FAE04EC0-301F-11D3-BF4B-00C04F79EFBC}") = "01. Rectangle of 10 x 10 Stars", "01. Rectangle of 10 x 10 Stars.csproj", "{5799CFEA-B11D-47B1-84B1-EE03A8BEB419}"
EndProject
Global
	GlobalSection(SolutionConfigurationPlatforms) = preSolution
		Debug|Any CPU = Debug|Any CPU
		Release|Any CPU = Release|Any CPU
	EndGlobalSection
	GlobalSection(ProjectConfigurationPlatforms) = postSolution
		{5799CFEA-B11D-47B1-84B1-EE03A8BEB419}.Debug|Any CPU.ActiveCfg = Debug|Any CPU
		{5799CFEA-B11D-47B1-84B1-EE03A8BEB419}.Debug|Any CPU.Build.0 = Debug|Any CPU
		{5799CFEA-B11D-47B1-84B1-EE03A8BEB419}.Release|Any CPU.ActiveCfg = Release|Any CPU
		{5799CFEA-B11D-47B1-84B1-EE03A8BEB419}.Release|Any CPU.Build.0 = Release|Any CPU
	EndGlobalSection
	GlobalSection(SolutionProperties) = preSolution
		HideSolutionNode = FALSE
	EndGlobalSection
	GlobalSection(ExtensibilityGlobals) = postSolution
		SolutionGuid = {607AFA04-167B-4224-8F47-5D83F187D495}
	EndGlobalSection
EndGlobal
