
Microsoft Visual Studio Solution File, Format Version 12.00
# Visual Studio Version 16
VisualStudioVersion = 16.0.31613.86
MinimumVisualStudioVersion = 10.0.40219.1
Project("{FAE04EC0-301F-11D3-BF4B-00C04F79EFBC}") = "Greetings", "Greetings.csproj", "{45BE7853-C0F1-47CE-B787-5A1C24DC746F}"
EndProject
Global
	GlobalSection(SolutionConfigurationPlatforms) = preSolution
		Debug|Any CPU = Debug|Any CPU
		Release|Any CPU = Release|Any CPU
	EndGlobalSection
	GlobalSection(ProjectConfigurationPlatforms) = postSolution
		{45BE7853-C0F1-47CE-B787-5A1C24DC746F}.Debug|Any CPU.ActiveCfg = Debug|Any CPU
		{45BE7853-C0F1-47CE-B787-5A1C24DC746F}.Debug|Any CPU.Build.0 = Debug|Any CPU
		{45BE7853-C0F1-47CE-B787-5A1C24DC746F}.Release|Any CPU.ActiveCfg = Release|Any CPU
		{45BE7853-C0F1-47CE-B787-5A1C24DC746F}.Release|Any CPU.Build.0 = Release|Any CPU
	EndGlobalSection
	GlobalSection(SolutionProperties) = preSolution
		HideSolutionNode = FALSE
	EndGlobalSection
	GlobalSection(ExtensibilityGlobals) = postSolution
		SolutionGuid = {D9FB980F-8AD7-40A2-A3D2-CDB7A759B959}
	EndGlobalSection
EndGlobal
