
Microsoft Visual Studio Solution File, Format Version 12.00
# Visual Studio 14
VisualStudioVersion = 14.0.24720.0
MinimumVisualStudioVersion = 10.0.40219.1
Project("{FAE04EC0-301F-11D3-BF4B-00C04F79EFBC}") = "02.OddOccurrences", "DictionariesLab\02.OddOccurrences.csproj", "{06912ED1-536D-4A62-8163-AF225DF45171}"
EndProject
Project("{FAE04EC0-301F-11D3-BF4B-00C04F79EFBC}") = "01. CountRealNumbers", "01. CountRealNumbers\01. CountRealNumbers.csproj", "{21F66718-A999-4BB0-8F7B-7A483AF93619}"
EndProject
Global
	GlobalSection(SolutionConfigurationPlatforms) = preSolution
		Debug|Any CPU = Debug|Any CPU
		Release|Any CPU = Release|Any CPU
	EndGlobalSection
	GlobalSection(ProjectConfigurationPlatforms) = postSolution
		{06912ED1-536D-4A62-8163-AF225DF45171}.Debug|Any CPU.ActiveCfg = Debug|Any CPU
		{06912ED1-536D-4A62-8163-AF225DF45171}.Debug|Any CPU.Build.0 = Debug|Any CPU
		{06912ED1-536D-4A62-8163-AF225DF45171}.Release|Any CPU.ActiveCfg = Release|Any CPU
		{06912ED1-536D-4A62-8163-AF225DF45171}.Release|Any CPU.Build.0 = Release|Any CPU
		{21F66718-A999-4BB0-8F7B-7A483AF93619}.Debug|Any CPU.ActiveCfg = Debug|Any CPU
		{21F66718-A999-4BB0-8F7B-7A483AF93619}.Debug|Any CPU.Build.0 = Debug|Any CPU
		{21F66718-A999-4BB0-8F7B-7A483AF93619}.Release|Any CPU.ActiveCfg = Release|Any CPU
		{21F66718-A999-4BB0-8F7B-7A483AF93619}.Release|Any CPU.Build.0 = Release|Any CPU
	EndGlobalSection
	GlobalSection(SolutionProperties) = preSolution
		HideSolutionNode = FALSE
	EndGlobalSection
EndGlobal
