
Microsoft Visual Studio Solution File, Format Version 12.00
# Visual Studio Version 16
VisualStudioVersion = 16.0.31613.86
MinimumVisualStudioVersion = 10.0.40219.1
Project("{FAE04EC0-301F-11D3-BF4B-00C04F79EFBC}") = "09.BonusPoints2.0", "09.BonusPoints2.0\09.BonusPoints2.0.csproj", "{97DD9D22-8432-4FC0-B777-CE379760A447}"
EndProject
Global
	GlobalSection(SolutionConfigurationPlatforms) = preSolution
		Debug|Any CPU = Debug|Any CPU
		Release|Any CPU = Release|Any CPU
	EndGlobalSection
	GlobalSection(ProjectConfigurationPlatforms) = postSolution
		{97DD9D22-8432-4FC0-B777-CE379760A447}.Debug|Any CPU.ActiveCfg = Debug|Any CPU
		{97DD9D22-8432-4FC0-B777-CE379760A447}.Debug|Any CPU.Build.0 = Debug|Any CPU
		{97DD9D22-8432-4FC0-B777-CE379760A447}.Release|Any CPU.ActiveCfg = Release|Any CPU
		{97DD9D22-8432-4FC0-B777-CE379760A447}.Release|Any CPU.Build.0 = Release|Any CPU
	EndGlobalSection
	GlobalSection(SolutionProperties) = preSolution
		HideSolutionNode = FALSE
	EndGlobalSection
	GlobalSection(ExtensibilityGlobals) = postSolution
		SolutionGuid = {B2F20853-0E85-4F10-9EF2-32687F9FF96B}
	EndGlobalSection
EndGlobal
