
Microsoft Visual Studio Solution File, Format Version 12.00
# Visual Studio Version 16
VisualStudioVersion = 16.0.31613.86
MinimumVisualStudioVersion = 10.0.40219.1
Project("{FAE04EC0-301F-11D3-BF4B-00C04F79EFBC}") = "10. Diamond", "10. Diamond.csproj", "{4A29B012-472B-4F47-990D-9E905ABFCCEB}"
EndProject
Global
	GlobalSection(SolutionConfigurationPlatforms) = preSolution
		Debug|Any CPU = Debug|Any CPU
		Release|Any CPU = Release|Any CPU
	EndGlobalSection
	GlobalSection(ProjectConfigurationPlatforms) = postSolution
		{4A29B012-472B-4F47-990D-9E905ABFCCEB}.Debug|Any CPU.ActiveCfg = Debug|Any CPU
		{4A29B012-472B-4F47-990D-9E905ABFCCEB}.Debug|Any CPU.Build.0 = Debug|Any CPU
		{4A29B012-472B-4F47-990D-9E905ABFCCEB}.Release|Any CPU.ActiveCfg = Release|Any CPU
		{4A29B012-472B-4F47-990D-9E905ABFCCEB}.Release|Any CPU.Build.0 = Release|Any CPU
	EndGlobalSection
	GlobalSection(SolutionProperties) = preSolution
		HideSolutionNode = FALSE
	EndGlobalSection
	GlobalSection(ExtensibilityGlobals) = postSolution
		SolutionGuid = {E44A9B11-1E18-49F1-A480-6C34CDB6509E}
	EndGlobalSection
EndGlobal
