
Microsoft Visual Studio Solution File, Format Version 12.00
# Visual Studio 14
VisualStudioVersion = 14.0.24720.0
MinimumVisualStudioVersion = 10.0.40219.1
Project("{FAE04EC0-301F-11D3-BF4B-00C04F79EFBC}") = "01. RemoveNegativesAndReverse", "01. RemoveNegativesAndReverse\01. RemoveNegativesAndReverse.csproj", "{2741604D-5D31-4332-A0DF-FB1A88CA4F9A}"
EndProject
Project("{FAE04EC0-301F-11D3-BF4B-00C04F79EFBC}") = "02. AppendLists", "02. AppendLists\02. AppendLists.csproj", "{1DAC9E09-8945-428C-993E-9CE730F0B41D}"
EndProject
Project("{FAE04EC0-301F-11D3-BF4B-00C04F79EFBC}") = "03. SmallestElementInArray", "03. SmallestElementInArray\03. SmallestElementInArray.csproj", "{9A109BF2-A501-43FD-8DF0-BAFFC1290B4D}"
EndProject
Project("{FAE04EC0-301F-11D3-BF4B-00C04F79EFBC}") = "04. RotateArrayOfStrings", "03. SumAdjacentEqualNumbers\04. RotateArrayOfStrings.csproj", "{78177259-1DF5-4EC7-904F-9480060D6F24}"
EndProject
Project("{FAE04EC0-301F-11D3-BF4B-00C04F79EFBC}") = "05. CountOfOddNumbersInArray", "05. CountOfOddNumbersInArray\05. CountOfOddNumbersInArray.csproj", "{064F1270-7E42-405C-91D9-A9CDA6C9C52E}"
EndProject
Project("{FAE04EC0-301F-11D3-BF4B-00C04F79EFBC}") = "06. OddNumbersAtOddPositions", "06. OddNumbersAtOddPositions\06. OddNumbersAtOddPositions.csproj", "{4CB212DB-7147-4BA9-9750-2E1651F92E08}"
EndProject
Global
	GlobalSection(SolutionConfigurationPlatforms) = preSolution
		Debug|Any CPU = Debug|Any CPU
		Release|Any CPU = Release|Any CPU
	EndGlobalSection
	GlobalSection(ProjectConfigurationPlatforms) = postSolution
		{2741604D-5D31-4332-A0DF-FB1A88CA4F9A}.Debug|Any CPU.ActiveCfg = Debug|Any CPU
		{2741604D-5D31-4332-A0DF-FB1A88CA4F9A}.Debug|Any CPU.Build.0 = Debug|Any CPU
		{2741604D-5D31-4332-A0DF-FB1A88CA4F9A}.Release|Any CPU.ActiveCfg = Release|Any CPU
		{2741604D-5D31-4332-A0DF-FB1A88CA4F9A}.Release|Any CPU.Build.0 = Release|Any CPU
		{1DAC9E09-8945-428C-993E-9CE730F0B41D}.Debug|Any CPU.ActiveCfg = Debug|Any CPU
		{1DAC9E09-8945-428C-993E-9CE730F0B41D}.Debug|Any CPU.Build.0 = Debug|Any CPU
		{1DAC9E09-8945-428C-993E-9CE730F0B41D}.Release|Any CPU.ActiveCfg = Release|Any CPU
		{1DAC9E09-8945-428C-993E-9CE730F0B41D}.Release|Any CPU.Build.0 = Release|Any CPU
		{9A109BF2-A501-43FD-8DF0-BAFFC1290B4D}.Debug|Any CPU.ActiveCfg = Debug|Any CPU
		{9A109BF2-A501-43FD-8DF0-BAFFC1290B4D}.Debug|Any CPU.Build.0 = Debug|Any CPU
		{9A109BF2-A501-43FD-8DF0-BAFFC1290B4D}.Release|Any CPU.ActiveCfg = Release|Any CPU
		{9A109BF2-A501-43FD-8DF0-BAFFC1290B4D}.Release|Any CPU.Build.0 = Release|Any CPU
		{78177259-1DF5-4EC7-904F-9480060D6F24}.Debug|Any CPU.ActiveCfg = Debug|Any CPU
		{78177259-1DF5-4EC7-904F-9480060D6F24}.Debug|Any CPU.Build.0 = Debug|Any CPU
		{78177259-1DF5-4EC7-904F-9480060D6F24}.Release|Any CPU.ActiveCfg = Release|Any CPU
		{78177259-1DF5-4EC7-904F-9480060D6F24}.Release|Any CPU.Build.0 = Release|Any CPU
		{064F1270-7E42-405C-91D9-A9CDA6C9C52E}.Debug|Any CPU.ActiveCfg = Debug|Any CPU
		{064F1270-7E42-405C-91D9-A9CDA6C9C52E}.Debug|Any CPU.Build.0 = Debug|Any CPU
		{064F1270-7E42-405C-91D9-A9CDA6C9C52E}.Release|Any CPU.ActiveCfg = Release|Any CPU
		{064F1270-7E42-405C-91D9-A9CDA6C9C52E}.Release|Any CPU.Build.0 = Release|Any CPU
		{4CB212DB-7147-4BA9-9750-2E1651F92E08}.Debug|Any CPU.ActiveCfg = Debug|Any CPU
		{4CB212DB-7147-4BA9-9750-2E1651F92E08}.Debug|Any CPU.Build.0 = Debug|Any CPU
		{4CB212DB-7147-4BA9-9750-2E1651F92E08}.Release|Any CPU.ActiveCfg = Release|Any CPU
		{4CB212DB-7147-4BA9-9750-2E1651F92E08}.Release|Any CPU.Build.0 = Release|Any CPU
	EndGlobalSection
	GlobalSection(SolutionProperties) = preSolution
		HideSolutionNode = FALSE
	EndGlobalSection
EndGlobal
