
Microsoft Visual Studio Solution File, Format Version 12.00
# Visual Studio 14
VisualStudioVersion = 14.0.24720.0
MinimumVisualStudioVersion = 10.0.40219.1
Project("{FAE04EC0-301F-11D3-BF4B-00C04F79EFBC}") = "01. ValueOfAString", "01. ValueOfAString\01. ValueOfAString.csproj", "{BAC731D6-065C-47DF-9F80-03457F190672}"
EndProject
Project("{FAE04EC0-301F-11D3-BF4B-00C04F79EFBC}") = "02. DiamondProblem", "02. DiamondProblem\02. DiamondProblem.csproj", "{5D8B8DC6-E403-4969-90A3-FA1C937A0B47}"
EndProject
Project("{FAE04EC0-301F-11D3-BF4B-00C04F79EFBC}") = "03. SerializeString", "03. SerializeString\03. SerializeString.csproj", "{52CFDA20-4023-40DB-BA0C-D457B4489B36}"
EndProject
Project("{FAE04EC0-301F-11D3-BF4B-00C04F79EFBC}") = "04. DeserializeString", "04. DeserializeString\04. DeserializeString.csproj", "{F84865BD-7611-40FA-A1C4-6856EA765BD0}"
EndProject
Project("{FAE04EC0-301F-11D3-BF4B-00C04F79EFBC}") = "05. StringCommander", "05. StringCommander\05. StringCommander.csproj", "{AB6693E9-69A2-429C-B2AE-9CBC577EC3D3}"
EndProject
Project("{FAE04EC0-301F-11D3-BF4B-00C04F79EFBC}") = "06. Stateless", "06. Stateless\06. Stateless.csproj", "{E74B9373-FEEE-4AAF-9598-D40A6024870F}"
EndProject
Project("{FAE04EC0-301F-11D3-BF4B-00C04F79EFBC}") = "07. Pyramidic", "07. Pyramidic\07. Pyramidic.csproj", "{2E7196F5-771D-45F0-852F-04E3D73C2AC7}"
EndProject
Project("{FAE04EC0-301F-11D3-BF4B-00C04F79EFBC}") = "08. Nilapdromes", "08. Nilapdromes\08. Nilapdromes.csproj", "{AD704447-851F-4D2E-9EEC-B6DECFCD7EBE}"
EndProject
Global
	GlobalSection(SolutionConfigurationPlatforms) = preSolution
		Debug|Any CPU = Debug|Any CPU
		Release|Any CPU = Release|Any CPU
	EndGlobalSection
	GlobalSection(ProjectConfigurationPlatforms) = postSolution
		{BAC731D6-065C-47DF-9F80-03457F190672}.Debug|Any CPU.ActiveCfg = Debug|Any CPU
		{BAC731D6-065C-47DF-9F80-03457F190672}.Debug|Any CPU.Build.0 = Debug|Any CPU
		{BAC731D6-065C-47DF-9F80-03457F190672}.Release|Any CPU.ActiveCfg = Release|Any CPU
		{BAC731D6-065C-47DF-9F80-03457F190672}.Release|Any CPU.Build.0 = Release|Any CPU
		{5D8B8DC6-E403-4969-90A3-FA1C937A0B47}.Debug|Any CPU.ActiveCfg = Debug|Any CPU
		{5D8B8DC6-E403-4969-90A3-FA1C937A0B47}.Debug|Any CPU.Build.0 = Debug|Any CPU
		{5D8B8DC6-E403-4969-90A3-FA1C937A0B47}.Release|Any CPU.ActiveCfg = Release|Any CPU
		{5D8B8DC6-E403-4969-90A3-FA1C937A0B47}.Release|Any CPU.Build.0 = Release|Any CPU
		{52CFDA20-4023-40DB-BA0C-D457B4489B36}.Debug|Any CPU.ActiveCfg = Debug|Any CPU
		{52CFDA20-4023-40DB-BA0C-D457B4489B36}.Debug|Any CPU.Build.0 = Debug|Any CPU
		{52CFDA20-4023-40DB-BA0C-D457B4489B36}.Release|Any CPU.ActiveCfg = Release|Any CPU
		{52CFDA20-4023-40DB-BA0C-D457B4489B36}.Release|Any CPU.Build.0 = Release|Any CPU
		{F84865BD-7611-40FA-A1C4-6856EA765BD0}.Debug|Any CPU.ActiveCfg = Debug|Any CPU
		{F84865BD-7611-40FA-A1C4-6856EA765BD0}.Debug|Any CPU.Build.0 = Debug|Any CPU
		{F84865BD-7611-40FA-A1C4-6856EA765BD0}.Release|Any CPU.ActiveCfg = Release|Any CPU
		{F84865BD-7611-40FA-A1C4-6856EA765BD0}.Release|Any CPU.Build.0 = Release|Any CPU
		{AB6693E9-69A2-429C-B2AE-9CBC577EC3D3}.Debug|Any CPU.ActiveCfg = Debug|Any CPU
		{AB6693E9-69A2-429C-B2AE-9CBC577EC3D3}.Debug|Any CPU.Build.0 = Debug|Any CPU
		{AB6693E9-69A2-429C-B2AE-9CBC577EC3D3}.Release|Any CPU.ActiveCfg = Release|Any CPU
		{AB6693E9-69A2-429C-B2AE-9CBC577EC3D3}.Release|Any CPU.Build.0 = Release|Any CPU
		{E74B9373-FEEE-4AAF-9598-D40A6024870F}.Debug|Any CPU.ActiveCfg = Debug|Any CPU
		{E74B9373-FEEE-4AAF-9598-D40A6024870F}.Debug|Any CPU.Build.0 = Debug|Any CPU
		{E74B9373-FEEE-4AAF-9598-D40A6024870F}.Release|Any CPU.ActiveCfg = Release|Any CPU
		{E74B9373-FEEE-4AAF-9598-D40A6024870F}.Release|Any CPU.Build.0 = Release|Any CPU
		{2E7196F5-771D-45F0-852F-04E3D73C2AC7}.Debug|Any CPU.ActiveCfg = Debug|Any CPU
		{2E7196F5-771D-45F0-852F-04E3D73C2AC7}.Debug|Any CPU.Build.0 = Debug|Any CPU
		{2E7196F5-771D-45F0-852F-04E3D73C2AC7}.Release|Any CPU.ActiveCfg = Release|Any CPU
		{2E7196F5-771D-45F0-852F-04E3D73C2AC7}.Release|Any CPU.Build.0 = Release|Any CPU
		{AD704447-851F-4D2E-9EEC-B6DECFCD7EBE}.Debug|Any CPU.ActiveCfg = Debug|Any CPU
		{AD704447-851F-4D2E-9EEC-B6DECFCD7EBE}.Debug|Any CPU.Build.0 = Debug|Any CPU
		{AD704447-851F-4D2E-9EEC-B6DECFCD7EBE}.Release|Any CPU.ActiveCfg = Release|Any CPU
		{AD704447-851F-4D2E-9EEC-B6DECFCD7EBE}.Release|Any CPU.Build.0 = Release|Any CPU
	EndGlobalSection
	GlobalSection(SolutionProperties) = preSolution
		HideSolutionNode = FALSE
	EndGlobalSection
EndGlobal
