
Microsoft Visual Studio Solution File, Format Version 12.00
# Visual Studio 15
VisualStudioVersion = 15.0.27130.2027
MinimumVisualStudioVersion = 10.0.40219.1
Project("{2150E333-8FDC-42A3-9474-1A3956D46DE8}") = "01. StacksAndQueuesExercises", "01. StacksAndQueuesExercises", "{657DBD90-B623-4F82-B0A6-A48002221C68}"
EndProject
Project("{FAE04EC0-301F-11D3-BF4B-00C04F79EFBC}") = "01. ReverseNumbersWithAStack", "01. ReverseNumbersWithAStack\01. ReverseNumbersWithAStack.csproj", "{2D110F72-120C-4CC9-862B-90C6375FAE35}"
EndProject
Project("{FAE04EC0-301F-11D3-BF4B-00C04F79EFBC}") = "02. BasicStackOperations", "02. BasicStackOperations\02. BasicStackOperations.csproj", "{BEF6A9D5-4586-4132-8890-4899F7CE0524}"
EndProject
Project("{FAE04EC0-301F-11D3-BF4B-00C04F79EFBC}") = "03. MaximumElement", "03. MaximumElement\03. MaximumElement.csproj", "{84B3930D-B6A1-4509-9BD4-C6416E9B9590}"
EndProject
Project("{FAE04EC0-301F-11D3-BF4B-00C04F79EFBC}") = "04. BasicQueueOperations", "04. BasicQueueOperations\04. BasicQueueOperations.csproj", "{3B972595-D221-4B85-9B27-E9486A98DD63}"
EndProject
Project("{FAE04EC0-301F-11D3-BF4B-00C04F79EFBC}") = "05. CalculateSequenceWithQueue", "05. CalculateSequenceWithQueue\05. CalculateSequenceWithQueue.csproj", "{CEDF9A25-D262-4425-B98C-9AE1A5BE08DF}"
EndProject
Project("{FAE04EC0-301F-11D3-BF4B-00C04F79EFBC}") = "06. TruckTour", "06. TruckTour\06. TruckTour.csproj", "{27CBEC33-B6B8-4E79-8538-77641D5D7897}"
EndProject
Project("{2150E333-8FDC-42A3-9474-1A3956D46DE8}") = "01", "01", "{E9B3CE70-A1C1-41D5-B108-B548BC1C02B0}"
EndProject
Project("{2150E333-8FDC-42A3-9474-1A3956D46DE8}") = "02", "02", "{4171FDFD-F3A9-425A-8FE0-D30C31768677}"
EndProject
Project("{FAE04EC0-301F-11D3-BF4B-00C04F79EFBC}") = "01. ReverseNumbersWithAStack2.0", "01. ReverseNumbersWithAStack2.0\01. ReverseNumbersWithAStack2.0.csproj", "{209646F7-6D94-419E-937F-B7E2902F8B3F}"
EndProject
Project("{FAE04EC0-301F-11D3-BF4B-00C04F79EFBC}") = "03. MaximumElement2.0", "02. MaximumElement2.0\03. MaximumElement2.0.csproj", "{CBE15015-2B09-46F0-AF8C-8854F29C3C6F}"
EndProject
Project("{FAE04EC0-301F-11D3-BF4B-00C04F79EFBC}") = "MaximumElement3.0", "MaximumElement3.0\MaximumElement3.0.csproj", "{260E1C7A-F3B5-41D2-AB35-29CB6CF1FB0D}"
EndProject
Project("{FAE04EC0-301F-11D3-BF4B-00C04F79EFBC}") = "05. SequenceWithQueue", "05. SequenceWithQueue\05. SequenceWithQueue.csproj", "{DB1EEDE2-1809-4CAB-A71F-271B986083C0}"
EndProject
Project("{FAE04EC0-301F-11D3-BF4B-00C04F79EFBC}") = "02. BasicStackOperations2.0", "02. BasicStackOperations2.0\02. BasicStackOperations2.0.csproj", "{34C16F22-B878-47D6-A9A1-43BA93737E0C}"
EndProject
Project("{FAE04EC0-301F-11D3-BF4B-00C04F79EFBC}") = "04. BasicQueueOperations2.0", "04. BasicQueueOperations2.0\04. BasicQueueOperations2.0.csproj", "{8FB0E872-12B9-4330-ADCA-B93970EFAAC8}"
EndProject
Project("{2150E333-8FDC-42A3-9474-1A3956D46DE8}") = "justStuff", "justStuff", "{EF08C146-82EE-4B7B-9569-F0E7DFA3247F}"
EndProject
Project("{FAE04EC0-301F-11D3-BF4B-00C04F79EFBC}") = "coddingExersice", "coddingExersice\coddingExersice.csproj", "{FBF887ED-2429-4692-BA77-ECE6FF48146C}"
EndProject
Project("{FAE04EC0-301F-11D3-BF4B-00C04F79EFBC}") = "coddingExersice2", "coddingExersice2\coddingExersice2.csproj", "{8B91A715-4175-44E3-8B78-7F2F7FFC4DD0}"
EndProject
Project("{2150E333-8FDC-42A3-9474-1A3956D46DE8}") = "02. SetsAndDictionaries", "02. SetsAndDictionaries", "{56953D16-E728-4773-B2F9-F797EAC949EC}"
EndProject
Project("{FAE04EC0-301F-11D3-BF4B-00C04F79EFBC}") = "Exercises", "Exercises\Exercises.csproj", "{9D39FF4A-F652-4C29-8690-57C8EC27BFFA}"
EndProject
Project("{FAE04EC0-301F-11D3-BF4B-00C04F79EFBC}") = "01. UniqueUsernames", "01. UniqueUsernames\01. UniqueUsernames.csproj", "{29EDCD69-9076-4690-B0B6-7E4F01442A17}"
EndProject
Project("{FAE04EC0-301F-11D3-BF4B-00C04F79EFBC}") = "02. SetsOfElements", "02. SetsOfElements\02. SetsOfElements.csproj", "{E398062C-6104-43EA-839B-4914A0096EE8}"
EndProject
Project("{FAE04EC0-301F-11D3-BF4B-00C04F79EFBC}") = "03. PeriodicTable", "03. PeriodicTable\03. PeriodicTable.csproj", "{53F3B907-ECFC-40E4-8566-D05AD843639A}"
EndProject
Project("{FAE04EC0-301F-11D3-BF4B-00C04F79EFBC}") = "04. CountSymbols", "04. CountSymbols\04. CountSymbols.csproj", "{90608D61-233B-4077-A453-82F985151129}"
EndProject
Project("{FAE04EC0-301F-11D3-BF4B-00C04F79EFBC}") = "05. Phonebook", "05. Phonebook\05. Phonebook.csproj", "{63661050-1311-4A9D-87EC-F11ED07267AF}"
EndProject
Project("{FAE04EC0-301F-11D3-BF4B-00C04F79EFBC}") = "06. АМinerТask", "06. АМinerТask\06. АМinerТask.csproj", "{D857CECB-7BF6-44D9-9F24-CB5F8F80433F}"
EndProject
Project("{FAE04EC0-301F-11D3-BF4B-00C04F79EFBC}") = "07. FixEmails", "07. FixEmails\07. FixEmails.csproj", "{60B04532-6EC3-4DF1-A267-DD3518004E87}"
EndProject
Project("{FAE04EC0-301F-11D3-BF4B-00C04F79EFBC}") = "08. HandsOfCards", "08. HandsOfCards\08. HandsOfCards.csproj", "{872A86BD-363E-49B4-8B80-5248FB09EA05}"
EndProject
Project("{FAE04EC0-301F-11D3-BF4B-00C04F79EFBC}") = "09. UserLogs", "09. UserLogs\09. UserLogs.csproj", "{D16C6CA8-790E-4B45-A51E-2B764E69ACBB}"
EndProject
Project("{FAE04EC0-301F-11D3-BF4B-00C04F79EFBC}") = "10. PopulationCounter", "10. PopulationCounter\10. PopulationCounter.csproj", "{17FF173A-A113-4ACC-9754-D466A6CE5D0B}"
EndProject
Project("{FAE04EC0-301F-11D3-BF4B-00C04F79EFBC}") = "11. Logs Aggregator", "11. Logs Aggregator\11. Logs Aggregator.csproj", "{139C6FA1-69CB-4AEB-B3A5-DD87CA8DEFDB}"
EndProject
Project("{FAE04EC0-301F-11D3-BF4B-00C04F79EFBC}") = "12. LegendaryFarming", "12. LegendaryFarming\12. LegendaryFarming.csproj", "{768A8C34-FA6F-4ABC-8FB4-9B000BD0E2E8}"
EndProject
Project("{2150E333-8FDC-42A3-9474-1A3956D46DE8}") = "03. Exception Handling", "03. Exception Handling", "{4F7AE5FC-C46C-4850-8B86-384AF8010D05}"
EndProject
Project("{FAE04EC0-301F-11D3-BF4B-00C04F79EFBC}") = "01. Traversal Method in the IOManager", "01. Traversal Method in the IOManager\01. Traversal Method in the IOManager.csproj", "{718B8766-EE8B-4BC6-8E07-1F4BC75987E5}"
EndProject
Project("{2150E333-8FDC-42A3-9474-1A3956D46DE8}") = "Bash", "Bash", "{F1952DA7-A05C-443C-9237-604745E2A1EA}"
EndProject
Project("{FAE04EC0-301F-11D3-BF4B-00C04F79EFBC}") = "BashSoft", "BashSoft\BashSoft.csproj", "{7094E9AC-7FB0-4F57-9D3A-679B6DFEF457}"
EndProject
Project("{FAE04EC0-301F-11D3-BF4B-00C04F79EFBC}") = "SimpleJudge", "SimpleJudge\SimpleJudge.csproj", "{81CCEA42-F19D-4D15-BFC6-5DAF9EB2D566}"
EndProject
Project("{2150E333-8FDC-42A3-9474-1A3956D46DE8}") = "04. Multidimensional Arrays", "04. Multidimensional Arrays", "{C0FA9DD4-0B81-4A66-86B5-47904C45F230}"
EndProject
Project("{FAE04EC0-301F-11D3-BF4B-00C04F79EFBC}") = "01. SumMatrixElements", "01. SumMatrixElements\01. SumMatrixElements.csproj", "{35EF25E9-7450-40AC-958E-845ED903EF02}"
EndProject
Project("{FAE04EC0-301F-11D3-BF4B-00C04F79EFBC}") = "02. SquareWithMaximumSum", "02. SquareWithMaximumSum\02. SquareWithMaximumSum.csproj", "{62D3DF38-651E-45FF-9540-D98A10B95D84}"
EndProject
Project("{FAE04EC0-301F-11D3-BF4B-00C04F79EFBC}") = "03. GroupNumbers", "03. GroupNumbers\03. GroupNumbers.csproj", "{F845E969-C643-4AA0-8E8E-D545F6738334}"
EndProject
Project("{FAE04EC0-301F-11D3-BF4B-00C04F79EFBC}") = "04. PascalTriangle", "04. PascalTriangle\04. PascalTriangle.csproj", "{95822FDA-4D23-460E-B904-DBCDE1435B5D}"
EndProject
Project("{2150E333-8FDC-42A3-9474-1A3956D46DE8}") = "01. Multidimensional Arrays Lab", "01. Multidimensional Arrays Lab", "{A726780D-4718-4D2D-92A6-FC025284BFF9}"
EndProject
Project("{2150E333-8FDC-42A3-9474-1A3956D46DE8}") = "02. Multidimensional Arrays Exercises", "02. Multidimensional Arrays Exercises", "{D8E04C7D-F61D-4BCE-BD01-2C845B02909E}"
EndProject
Project("{FAE04EC0-301F-11D3-BF4B-00C04F79EFBC}") = "01. MatrixOfPalindromes", "01. MatrixOfPalindromes\01. MatrixOfPalindromes.csproj", "{4437BC50-9522-445D-B04B-3CB11E3F8DDE}"
EndProject
Project("{FAE04EC0-301F-11D3-BF4B-00C04F79EFBC}") = "02. DiagonalDifference", "02. DiagonalDifference\02. DiagonalDifference.csproj", "{CF879361-D343-4E96-B5C3-F024C72FA91C}"
EndProject
Project("{FAE04EC0-301F-11D3-BF4B-00C04F79EFBC}") = "03. SquaresInMatrix", "03. SquaresInMatrix\03. SquaresInMatrix.csproj", "{C6442E65-5290-4A60-A781-D30270B2D478}"
EndProject
Project("{FAE04EC0-301F-11D3-BF4B-00C04F79EFBC}") = "04. MaximalSum", "04. MaximalSum\04. MaximalSum.csproj", "{AFB3B18A-CA1F-47C9-992D-A6656468DA29}"
EndProject
Project("{FAE04EC0-301F-11D3-BF4B-00C04F79EFBC}") = "05. Rubik’s Matrix", "05. Rubik’s Matrix\05. Rubik’s Matrix.csproj", "{FA715717-AA6D-49B3-B65B-4E113940F678}"
EndProject
Project("{FAE04EC0-301F-11D3-BF4B-00C04F79EFBC}") = "07. Reverse Strings", "07. Reverse Strings\07. Reverse Strings.csproj", "{943C76B6-7D69-431E-9650-CEA7B4BBB03F}"
EndProject
Project("{FAE04EC0-301F-11D3-BF4B-00C04F79EFBC}") = "08. Simple Calculator", "08. Simple Calculator\08. Simple Calculator.csproj", "{41F24488-DBE9-4CDA-A4F4-0D8C3952538F}"
EndProject
Project("{FAE04EC0-301F-11D3-BF4B-00C04F79EFBC}") = "09. Decimal to Binary Converter", "09. Decimal to Binary Converter\09. Decimal to Binary Converter.csproj", "{2F127C70-018F-44D2-9162-5F248EE7061C}"
EndProject
Project("{FAE04EC0-301F-11D3-BF4B-00C04F79EFBC}") = "10. Matching Brackets", "10. Matching Brackets\10. Matching Brackets.csproj", "{B9D349BC-A50F-47A2-B5F3-C82ACFA8A297}"
EndProject
Project("{FAE04EC0-301F-11D3-BF4B-00C04F79EFBC}") = "11. HotPotato", "11. WorkingWithQueues\11. HotPotato.csproj", "{12D44EEE-4C42-4D17-A228-C6DF86156B40}"
EndProject
Project("{FAE04EC0-301F-11D3-BF4B-00C04F79EFBC}") = "12. TrafficLight", "12. TrafficLight\12. TrafficLight.csproj", "{9417BA9A-BA8A-4259-BA05-83078260A77C}"
EndProject
Project("{FAE04EC0-301F-11D3-BF4B-00C04F79EFBC}") = "13. ReverseNumbersWithAStack", "13. Reverse Numbers with a Stack\13. ReverseNumbersWithAStack.csproj", "{ECE79A5A-6ABF-412A-96B3-E8A30C1C8955}"
EndProject
Project("{FAE04EC0-301F-11D3-BF4B-00C04F79EFBC}") = "14. BasicStackOperations", "14. BasicStackOperations\14. BasicStackOperations.csproj", "{8B62C0A2-3A63-4143-AEB7-78DF74D03E0E}"
EndProject
Project("{FAE04EC0-301F-11D3-BF4B-00C04F79EFBC}") = "15. MaximumElement", "15. MaximumElement\15. MaximumElement.csproj", "{4102064A-3541-4B22-93F6-EA57551EF07D}"
EndProject
Project("{FAE04EC0-301F-11D3-BF4B-00C04F79EFBC}") = "16. BasicQueueOperations", "16. BasicQueueOperations\16. BasicQueueOperations.csproj", "{D33FCD64-F01C-4FFA-9E45-BDDEA4C4FED8}"
EndProject
Project("{FAE04EC0-301F-11D3-BF4B-00C04F79EFBC}") = "17. SequenceWithQueue", "17. SequenceWithQueue\17. SequenceWithQueue.csproj", "{517A3DB6-DAC7-424D-9A32-CC14420355C7}"
EndProject
Project("{FAE04EC0-301F-11D3-BF4B-00C04F79EFBC}") = "ExercisesMultidimensionalArrays", "ExercisesMultidimensionalArrays\ExercisesMultidimensionalArrays.csproj", "{CA2D0D2C-DEF0-4AE4-B40C-7A83A9AA9B79}"
EndProject
Project("{2150E333-8FDC-42A3-9474-1A3956D46DE8}") = "05. Functional Programming", "05. Functional Programming", "{39C6A63A-D64A-4766-8CD7-F241B9076474}"
EndProject
Project("{2150E333-8FDC-42A3-9474-1A3956D46DE8}") = "01. Functional Programming Lab", "01. Functional Programming Lab", "{2D80F9EC-7CC2-47F1-AC51-F7AA6B5C86DE}"
EndProject
Project("{FAE04EC0-301F-11D3-BF4B-00C04F79EFBC}") = "01. SortEvenNumbers", "01. SortEvenNumbers\01. SortEvenNumbers.csproj", "{C6D79425-5405-48BA-9E0F-E9EE47D64058}"
EndProject
Project("{FAE04EC0-301F-11D3-BF4B-00C04F79EFBC}") = "02. SumNumbers", "02. SumNumbers\02. SumNumbers.csproj", "{28931852-76E9-4169-90CC-5638E66B4B17}"
EndProject
Project("{FAE04EC0-301F-11D3-BF4B-00C04F79EFBC}") = "03. CountUppercaseWords", "03. CountUppercaseWords\03. CountUppercaseWords.csproj", "{26FD17A0-00D3-46C9-9E08-71126D71B572}"
EndProject
Project("{FAE04EC0-301F-11D3-BF4B-00C04F79EFBC}") = "04. AddVAT", "04. AddVAT\04. AddVAT.csproj", "{67137B94-6F37-4951-8EB3-4B9A40FCEE0A}"
EndProject
Project("{FAE04EC0-301F-11D3-BF4B-00C04F79EFBC}") = "05.FilterByAge", "05.FilterByAge\05.FilterByAge.csproj", "{9CAA58E3-3207-484B-9132-E559A20D3ACE}"
EndProject
Project("{2150E333-8FDC-42A3-9474-1A3956D46DE8}") = "02. Functional Programming Exercises", "02. Functional Programming Exercises", "{D8D22768-0F06-409A-8A97-3584342B9F44}"
EndProject
Project("{FAE04EC0-301F-11D3-BF4B-00C04F79EFBC}") = "01. ActionPoint", "Problem 1. Action Point\01. ActionPoint.csproj", "{2FA0050F-8669-4C7C-BDD1-17B9E8EE9CB6}"
EndProject
Project("{FAE04EC0-301F-11D3-BF4B-00C04F79EFBC}") = "02. KnightsOfHonor", "02. KnightsOfHonor\02. KnightsOfHonor.csproj", "{3F70970B-26EA-40A2-9314-03D4946C9A08}"
EndProject
Project("{FAE04EC0-301F-11D3-BF4B-00C04F79EFBC}") = "03. CustomMinFunction", "03. CustomMinFunction\03. CustomMinFunction.csproj", "{A2AADD84-AA65-47AE-834E-475D09E70458}"
EndProject
Project("{FAE04EC0-301F-11D3-BF4B-00C04F79EFBC}") = "04. FindEvensOrOdds", "04. FindEvensOrOdds\04. FindEvensOrOdds.csproj", "{9EF16077-5E3D-4508-B73D-B928BA83759A}"
EndProject
Project("{FAE04EC0-301F-11D3-BF4B-00C04F79EFBC}") = "05. AppliedArithmetics", "05. AppliedArithmetics\05. AppliedArithmetics.csproj", "{C05EB93F-12BA-444B-90F0-155CB09BEC70}"
EndProject
Project("{FAE04EC0-301F-11D3-BF4B-00C04F79EFBC}") = "06. ReverseAndExclude", "06. ReverseAndExclude\06. ReverseAndExclude.csproj", "{A2636C12-07EC-4632-AD4D-60E42DDBCB73}"
EndProject
Project("{FAE04EC0-301F-11D3-BF4B-00C04F79EFBC}") = "07. PredicateForNames", "07. PredicateForNames\07. PredicateForNames.csproj", "{5CE736C8-8F3D-4E99-A6FF-2609B1F907CB}"
EndProject
Project("{FAE04EC0-301F-11D3-BF4B-00C04F79EFBC}") = "08. CustomComparator", "08. CustomComparator\08. CustomComparator.csproj", "{E107FC09-E793-43E9-88A5-4409D10D6C7F}"
EndProject
Global
	GlobalSection(SolutionConfigurationPlatforms) = preSolution
		Debug|Any CPU = Debug|Any CPU
		Release|Any CPU = Release|Any CPU
	EndGlobalSection
	GlobalSection(ProjectConfigurationPlatforms) = postSolution
		{2D110F72-120C-4CC9-862B-90C6375FAE35}.Debug|Any CPU.ActiveCfg = Debug|Any CPU
		{2D110F72-120C-4CC9-862B-90C6375FAE35}.Debug|Any CPU.Build.0 = Debug|Any CPU
		{2D110F72-120C-4CC9-862B-90C6375FAE35}.Release|Any CPU.ActiveCfg = Release|Any CPU
		{2D110F72-120C-4CC9-862B-90C6375FAE35}.Release|Any CPU.Build.0 = Release|Any CPU
		{BEF6A9D5-4586-4132-8890-4899F7CE0524}.Debug|Any CPU.ActiveCfg = Debug|Any CPU
		{BEF6A9D5-4586-4132-8890-4899F7CE0524}.Debug|Any CPU.Build.0 = Debug|Any CPU
		{BEF6A9D5-4586-4132-8890-4899F7CE0524}.Release|Any CPU.ActiveCfg = Release|Any CPU
		{BEF6A9D5-4586-4132-8890-4899F7CE0524}.Release|Any CPU.Build.0 = Release|Any CPU
		{84B3930D-B6A1-4509-9BD4-C6416E9B9590}.Debug|Any CPU.ActiveCfg = Debug|Any CPU
		{84B3930D-B6A1-4509-9BD4-C6416E9B9590}.Debug|Any CPU.Build.0 = Debug|Any CPU
		{84B3930D-B6A1-4509-9BD4-C6416E9B9590}.Release|Any CPU.ActiveCfg = Release|Any CPU
		{84B3930D-B6A1-4509-9BD4-C6416E9B9590}.Release|Any CPU.Build.0 = Release|Any CPU
		{3B972595-D221-4B85-9B27-E9486A98DD63}.Debug|Any CPU.ActiveCfg = Debug|Any CPU
		{3B972595-D221-4B85-9B27-E9486A98DD63}.Debug|Any CPU.Build.0 = Debug|Any CPU
		{3B972595-D221-4B85-9B27-E9486A98DD63}.Release|Any CPU.ActiveCfg = Release|Any CPU
		{3B972595-D221-4B85-9B27-E9486A98DD63}.Release|Any CPU.Build.0 = Release|Any CPU
		{CEDF9A25-D262-4425-B98C-9AE1A5BE08DF}.Debug|Any CPU.ActiveCfg = Debug|Any CPU
		{CEDF9A25-D262-4425-B98C-9AE1A5BE08DF}.Debug|Any CPU.Build.0 = Debug|Any CPU
		{CEDF9A25-D262-4425-B98C-9AE1A5BE08DF}.Release|Any CPU.ActiveCfg = Release|Any CPU
		{CEDF9A25-D262-4425-B98C-9AE1A5BE08DF}.Release|Any CPU.Build.0 = Release|Any CPU
		{27CBEC33-B6B8-4E79-8538-77641D5D7897}.Debug|Any CPU.ActiveCfg = Debug|Any CPU
		{27CBEC33-B6B8-4E79-8538-77641D5D7897}.Debug|Any CPU.Build.0 = Debug|Any CPU
		{27CBEC33-B6B8-4E79-8538-77641D5D7897}.Release|Any CPU.ActiveCfg = Release|Any CPU
		{27CBEC33-B6B8-4E79-8538-77641D5D7897}.Release|Any CPU.Build.0 = Release|Any CPU
		{209646F7-6D94-419E-937F-B7E2902F8B3F}.Debug|Any CPU.ActiveCfg = Debug|Any CPU
		{209646F7-6D94-419E-937F-B7E2902F8B3F}.Debug|Any CPU.Build.0 = Debug|Any CPU
		{209646F7-6D94-419E-937F-B7E2902F8B3F}.Release|Any CPU.ActiveCfg = Release|Any CPU
		{209646F7-6D94-419E-937F-B7E2902F8B3F}.Release|Any CPU.Build.0 = Release|Any CPU
		{CBE15015-2B09-46F0-AF8C-8854F29C3C6F}.Debug|Any CPU.ActiveCfg = Debug|Any CPU
		{CBE15015-2B09-46F0-AF8C-8854F29C3C6F}.Debug|Any CPU.Build.0 = Debug|Any CPU
		{CBE15015-2B09-46F0-AF8C-8854F29C3C6F}.Release|Any CPU.ActiveCfg = Release|Any CPU
		{CBE15015-2B09-46F0-AF8C-8854F29C3C6F}.Release|Any CPU.Build.0 = Release|Any CPU
		{260E1C7A-F3B5-41D2-AB35-29CB6CF1FB0D}.Debug|Any CPU.ActiveCfg = Debug|Any CPU
		{260E1C7A-F3B5-41D2-AB35-29CB6CF1FB0D}.Debug|Any CPU.Build.0 = Debug|Any CPU
		{260E1C7A-F3B5-41D2-AB35-29CB6CF1FB0D}.Release|Any CPU.ActiveCfg = Release|Any CPU
		{260E1C7A-F3B5-41D2-AB35-29CB6CF1FB0D}.Release|Any CPU.Build.0 = Release|Any CPU
		{DB1EEDE2-1809-4CAB-A71F-271B986083C0}.Debug|Any CPU.ActiveCfg = Debug|Any CPU
		{DB1EEDE2-1809-4CAB-A71F-271B986083C0}.Debug|Any CPU.Build.0 = Debug|Any CPU
		{DB1EEDE2-1809-4CAB-A71F-271B986083C0}.Release|Any CPU.ActiveCfg = Release|Any CPU
		{DB1EEDE2-1809-4CAB-A71F-271B986083C0}.Release|Any CPU.Build.0 = Release|Any CPU
		{34C16F22-B878-47D6-A9A1-43BA93737E0C}.Debug|Any CPU.ActiveCfg = Debug|Any CPU
		{34C16F22-B878-47D6-A9A1-43BA93737E0C}.Debug|Any CPU.Build.0 = Debug|Any CPU
		{34C16F22-B878-47D6-A9A1-43BA93737E0C}.Release|Any CPU.ActiveCfg = Release|Any CPU
		{34C16F22-B878-47D6-A9A1-43BA93737E0C}.Release|Any CPU.Build.0 = Release|Any CPU
		{8FB0E872-12B9-4330-ADCA-B93970EFAAC8}.Debug|Any CPU.ActiveCfg = Debug|Any CPU
		{8FB0E872-12B9-4330-ADCA-B93970EFAAC8}.Debug|Any CPU.Build.0 = Debug|Any CPU
		{8FB0E872-12B9-4330-ADCA-B93970EFAAC8}.Release|Any CPU.ActiveCfg = Release|Any CPU
		{8FB0E872-12B9-4330-ADCA-B93970EFAAC8}.Release|Any CPU.Build.0 = Release|Any CPU
		{FBF887ED-2429-4692-BA77-ECE6FF48146C}.Debug|Any CPU.ActiveCfg = Debug|Any CPU
		{FBF887ED-2429-4692-BA77-ECE6FF48146C}.Debug|Any CPU.Build.0 = Debug|Any CPU
		{FBF887ED-2429-4692-BA77-ECE6FF48146C}.Release|Any CPU.ActiveCfg = Release|Any CPU
		{FBF887ED-2429-4692-BA77-ECE6FF48146C}.Release|Any CPU.Build.0 = Release|Any CPU
		{8B91A715-4175-44E3-8B78-7F2F7FFC4DD0}.Debug|Any CPU.ActiveCfg = Debug|Any CPU
		{8B91A715-4175-44E3-8B78-7F2F7FFC4DD0}.Debug|Any CPU.Build.0 = Debug|Any CPU
		{8B91A715-4175-44E3-8B78-7F2F7FFC4DD0}.Release|Any CPU.ActiveCfg = Release|Any CPU
		{8B91A715-4175-44E3-8B78-7F2F7FFC4DD0}.Release|Any CPU.Build.0 = Release|Any CPU
		{9D39FF4A-F652-4C29-8690-57C8EC27BFFA}.Debug|Any CPU.ActiveCfg = Debug|Any CPU
		{9D39FF4A-F652-4C29-8690-57C8EC27BFFA}.Debug|Any CPU.Build.0 = Debug|Any CPU
		{9D39FF4A-F652-4C29-8690-57C8EC27BFFA}.Release|Any CPU.ActiveCfg = Release|Any CPU
		{9D39FF4A-F652-4C29-8690-57C8EC27BFFA}.Release|Any CPU.Build.0 = Release|Any CPU
		{29EDCD69-9076-4690-B0B6-7E4F01442A17}.Debug|Any CPU.ActiveCfg = Debug|Any CPU
		{29EDCD69-9076-4690-B0B6-7E4F01442A17}.Debug|Any CPU.Build.0 = Debug|Any CPU
		{29EDCD69-9076-4690-B0B6-7E4F01442A17}.Release|Any CPU.ActiveCfg = Release|Any CPU
		{29EDCD69-9076-4690-B0B6-7E4F01442A17}.Release|Any CPU.Build.0 = Release|Any CPU
		{E398062C-6104-43EA-839B-4914A0096EE8}.Debug|Any CPU.ActiveCfg = Debug|Any CPU
		{E398062C-6104-43EA-839B-4914A0096EE8}.Debug|Any CPU.Build.0 = Debug|Any CPU
		{E398062C-6104-43EA-839B-4914A0096EE8}.Release|Any CPU.ActiveCfg = Release|Any CPU
		{E398062C-6104-43EA-839B-4914A0096EE8}.Release|Any CPU.Build.0 = Release|Any CPU
		{53F3B907-ECFC-40E4-8566-D05AD843639A}.Debug|Any CPU.ActiveCfg = Debug|Any CPU
		{53F3B907-ECFC-40E4-8566-D05AD843639A}.Debug|Any CPU.Build.0 = Debug|Any CPU
		{53F3B907-ECFC-40E4-8566-D05AD843639A}.Release|Any CPU.ActiveCfg = Release|Any CPU
		{53F3B907-ECFC-40E4-8566-D05AD843639A}.Release|Any CPU.Build.0 = Release|Any CPU
		{90608D61-233B-4077-A453-82F985151129}.Debug|Any CPU.ActiveCfg = Debug|Any CPU
		{90608D61-233B-4077-A453-82F985151129}.Debug|Any CPU.Build.0 = Debug|Any CPU
		{90608D61-233B-4077-A453-82F985151129}.Release|Any CPU.ActiveCfg = Release|Any CPU
		{90608D61-233B-4077-A453-82F985151129}.Release|Any CPU.Build.0 = Release|Any CPU
		{63661050-1311-4A9D-87EC-F11ED07267AF}.Debug|Any CPU.ActiveCfg = Debug|Any CPU
		{63661050-1311-4A9D-87EC-F11ED07267AF}.Debug|Any CPU.Build.0 = Debug|Any CPU
		{63661050-1311-4A9D-87EC-F11ED07267AF}.Release|Any CPU.ActiveCfg = Release|Any CPU
		{63661050-1311-4A9D-87EC-F11ED07267AF}.Release|Any CPU.Build.0 = Release|Any CPU
		{D857CECB-7BF6-44D9-9F24-CB5F8F80433F}.Debug|Any CPU.ActiveCfg = Debug|Any CPU
		{D857CECB-7BF6-44D9-9F24-CB5F8F80433F}.Debug|Any CPU.Build.0 = Debug|Any CPU
		{D857CECB-7BF6-44D9-9F24-CB5F8F80433F}.Release|Any CPU.ActiveCfg = Release|Any CPU
		{D857CECB-7BF6-44D9-9F24-CB5F8F80433F}.Release|Any CPU.Build.0 = Release|Any CPU
		{60B04532-6EC3-4DF1-A267-DD3518004E87}.Debug|Any CPU.ActiveCfg = Debug|Any CPU
		{60B04532-6EC3-4DF1-A267-DD3518004E87}.Debug|Any CPU.Build.0 = Debug|Any CPU
		{60B04532-6EC3-4DF1-A267-DD3518004E87}.Release|Any CPU.ActiveCfg = Release|Any CPU
		{60B04532-6EC3-4DF1-A267-DD3518004E87}.Release|Any CPU.Build.0 = Release|Any CPU
		{872A86BD-363E-49B4-8B80-5248FB09EA05}.Debug|Any CPU.ActiveCfg = Debug|Any CPU
		{872A86BD-363E-49B4-8B80-5248FB09EA05}.Debug|Any CPU.Build.0 = Debug|Any CPU
		{872A86BD-363E-49B4-8B80-5248FB09EA05}.Release|Any CPU.ActiveCfg = Release|Any CPU
		{872A86BD-363E-49B4-8B80-5248FB09EA05}.Release|Any CPU.Build.0 = Release|Any CPU
		{D16C6CA8-790E-4B45-A51E-2B764E69ACBB}.Debug|Any CPU.ActiveCfg = Debug|Any CPU
		{D16C6CA8-790E-4B45-A51E-2B764E69ACBB}.Debug|Any CPU.Build.0 = Debug|Any CPU
		{D16C6CA8-790E-4B45-A51E-2B764E69ACBB}.Release|Any CPU.ActiveCfg = Release|Any CPU
		{D16C6CA8-790E-4B45-A51E-2B764E69ACBB}.Release|Any CPU.Build.0 = Release|Any CPU
		{17FF173A-A113-4ACC-9754-D466A6CE5D0B}.Debug|Any CPU.ActiveCfg = Debug|Any CPU
		{17FF173A-A113-4ACC-9754-D466A6CE5D0B}.Debug|Any CPU.Build.0 = Debug|Any CPU
		{17FF173A-A113-4ACC-9754-D466A6CE5D0B}.Release|Any CPU.ActiveCfg = Release|Any CPU
		{17FF173A-A113-4ACC-9754-D466A6CE5D0B}.Release|Any CPU.Build.0 = Release|Any CPU
		{139C6FA1-69CB-4AEB-B3A5-DD87CA8DEFDB}.Debug|Any CPU.ActiveCfg = Debug|Any CPU
		{139C6FA1-69CB-4AEB-B3A5-DD87CA8DEFDB}.Debug|Any CPU.Build.0 = Debug|Any CPU
		{139C6FA1-69CB-4AEB-B3A5-DD87CA8DEFDB}.Release|Any CPU.ActiveCfg = Release|Any CPU
		{139C6FA1-69CB-4AEB-B3A5-DD87CA8DEFDB}.Release|Any CPU.Build.0 = Release|Any CPU
		{768A8C34-FA6F-4ABC-8FB4-9B000BD0E2E8}.Debug|Any CPU.ActiveCfg = Debug|Any CPU
		{768A8C34-FA6F-4ABC-8FB4-9B000BD0E2E8}.Debug|Any CPU.Build.0 = Debug|Any CPU
		{768A8C34-FA6F-4ABC-8FB4-9B000BD0E2E8}.Release|Any CPU.ActiveCfg = Release|Any CPU
		{768A8C34-FA6F-4ABC-8FB4-9B000BD0E2E8}.Release|Any CPU.Build.0 = Release|Any CPU
		{718B8766-EE8B-4BC6-8E07-1F4BC75987E5}.Debug|Any CPU.ActiveCfg = Debug|Any CPU
		{718B8766-EE8B-4BC6-8E07-1F4BC75987E5}.Debug|Any CPU.Build.0 = Debug|Any CPU
		{718B8766-EE8B-4BC6-8E07-1F4BC75987E5}.Release|Any CPU.ActiveCfg = Release|Any CPU
		{718B8766-EE8B-4BC6-8E07-1F4BC75987E5}.Release|Any CPU.Build.0 = Release|Any CPU
		{7094E9AC-7FB0-4F57-9D3A-679B6DFEF457}.Debug|Any CPU.ActiveCfg = Debug|Any CPU
		{7094E9AC-7FB0-4F57-9D3A-679B6DFEF457}.Debug|Any CPU.Build.0 = Debug|Any CPU
		{7094E9AC-7FB0-4F57-9D3A-679B6DFEF457}.Release|Any CPU.ActiveCfg = Release|Any CPU
		{7094E9AC-7FB0-4F57-9D3A-679B6DFEF457}.Release|Any CPU.Build.0 = Release|Any CPU
		{81CCEA42-F19D-4D15-BFC6-5DAF9EB2D566}.Debug|Any CPU.ActiveCfg = Debug|Any CPU
		{81CCEA42-F19D-4D15-BFC6-5DAF9EB2D566}.Debug|Any CPU.Build.0 = Debug|Any CPU
		{81CCEA42-F19D-4D15-BFC6-5DAF9EB2D566}.Release|Any CPU.ActiveCfg = Release|Any CPU
		{81CCEA42-F19D-4D15-BFC6-5DAF9EB2D566}.Release|Any CPU.Build.0 = Release|Any CPU
		{35EF25E9-7450-40AC-958E-845ED903EF02}.Debug|Any CPU.ActiveCfg = Debug|Any CPU
		{35EF25E9-7450-40AC-958E-845ED903EF02}.Debug|Any CPU.Build.0 = Debug|Any CPU
		{35EF25E9-7450-40AC-958E-845ED903EF02}.Release|Any CPU.ActiveCfg = Release|Any CPU
		{35EF25E9-7450-40AC-958E-845ED903EF02}.Release|Any CPU.Build.0 = Release|Any CPU
		{62D3DF38-651E-45FF-9540-D98A10B95D84}.Debug|Any CPU.ActiveCfg = Debug|Any CPU
		{62D3DF38-651E-45FF-9540-D98A10B95D84}.Debug|Any CPU.Build.0 = Debug|Any CPU
		{62D3DF38-651E-45FF-9540-D98A10B95D84}.Release|Any CPU.ActiveCfg = Release|Any CPU
		{62D3DF38-651E-45FF-9540-D98A10B95D84}.Release|Any CPU.Build.0 = Release|Any CPU
		{F845E969-C643-4AA0-8E8E-D545F6738334}.Debug|Any CPU.ActiveCfg = Debug|Any CPU
		{F845E969-C643-4AA0-8E8E-D545F6738334}.Debug|Any CPU.Build.0 = Debug|Any CPU
		{F845E969-C643-4AA0-8E8E-D545F6738334}.Release|Any CPU.ActiveCfg = Release|Any CPU
		{F845E969-C643-4AA0-8E8E-D545F6738334}.Release|Any CPU.Build.0 = Release|Any CPU
		{95822FDA-4D23-460E-B904-DBCDE1435B5D}.Debug|Any CPU.ActiveCfg = Debug|Any CPU
		{95822FDA-4D23-460E-B904-DBCDE1435B5D}.Debug|Any CPU.Build.0 = Debug|Any CPU
		{95822FDA-4D23-460E-B904-DBCDE1435B5D}.Release|Any CPU.ActiveCfg = Release|Any CPU
		{95822FDA-4D23-460E-B904-DBCDE1435B5D}.Release|Any CPU.Build.0 = Release|Any CPU
		{4437BC50-9522-445D-B04B-3CB11E3F8DDE}.Debug|Any CPU.ActiveCfg = Debug|Any CPU
		{4437BC50-9522-445D-B04B-3CB11E3F8DDE}.Debug|Any CPU.Build.0 = Debug|Any CPU
		{4437BC50-9522-445D-B04B-3CB11E3F8DDE}.Release|Any CPU.ActiveCfg = Release|Any CPU
		{4437BC50-9522-445D-B04B-3CB11E3F8DDE}.Release|Any CPU.Build.0 = Release|Any CPU
		{CF879361-D343-4E96-B5C3-F024C72FA91C}.Debug|Any CPU.ActiveCfg = Debug|Any CPU
		{CF879361-D343-4E96-B5C3-F024C72FA91C}.Debug|Any CPU.Build.0 = Debug|Any CPU
		{CF879361-D343-4E96-B5C3-F024C72FA91C}.Release|Any CPU.ActiveCfg = Release|Any CPU
		{CF879361-D343-4E96-B5C3-F024C72FA91C}.Release|Any CPU.Build.0 = Release|Any CPU
		{C6442E65-5290-4A60-A781-D30270B2D478}.Debug|Any CPU.ActiveCfg = Debug|Any CPU
		{C6442E65-5290-4A60-A781-D30270B2D478}.Debug|Any CPU.Build.0 = Debug|Any CPU
		{C6442E65-5290-4A60-A781-D30270B2D478}.Release|Any CPU.ActiveCfg = Release|Any CPU
		{C6442E65-5290-4A60-A781-D30270B2D478}.Release|Any CPU.Build.0 = Release|Any CPU
		{AFB3B18A-CA1F-47C9-992D-A6656468DA29}.Debug|Any CPU.ActiveCfg = Debug|Any CPU
		{AFB3B18A-CA1F-47C9-992D-A6656468DA29}.Debug|Any CPU.Build.0 = Debug|Any CPU
		{AFB3B18A-CA1F-47C9-992D-A6656468DA29}.Release|Any CPU.ActiveCfg = Release|Any CPU
		{AFB3B18A-CA1F-47C9-992D-A6656468DA29}.Release|Any CPU.Build.0 = Release|Any CPU
		{FA715717-AA6D-49B3-B65B-4E113940F678}.Debug|Any CPU.ActiveCfg = Debug|Any CPU
		{FA715717-AA6D-49B3-B65B-4E113940F678}.Debug|Any CPU.Build.0 = Debug|Any CPU
		{FA715717-AA6D-49B3-B65B-4E113940F678}.Release|Any CPU.ActiveCfg = Release|Any CPU
		{FA715717-AA6D-49B3-B65B-4E113940F678}.Release|Any CPU.Build.0 = Release|Any CPU
		{943C76B6-7D69-431E-9650-CEA7B4BBB03F}.Debug|Any CPU.ActiveCfg = Debug|Any CPU
		{943C76B6-7D69-431E-9650-CEA7B4BBB03F}.Debug|Any CPU.Build.0 = Debug|Any CPU
		{943C76B6-7D69-431E-9650-CEA7B4BBB03F}.Release|Any CPU.ActiveCfg = Release|Any CPU
		{943C76B6-7D69-431E-9650-CEA7B4BBB03F}.Release|Any CPU.Build.0 = Release|Any CPU
		{41F24488-DBE9-4CDA-A4F4-0D8C3952538F}.Debug|Any CPU.ActiveCfg = Debug|Any CPU
		{41F24488-DBE9-4CDA-A4F4-0D8C3952538F}.Debug|Any CPU.Build.0 = Debug|Any CPU
		{41F24488-DBE9-4CDA-A4F4-0D8C3952538F}.Release|Any CPU.ActiveCfg = Release|Any CPU
		{41F24488-DBE9-4CDA-A4F4-0D8C3952538F}.Release|Any CPU.Build.0 = Release|Any CPU
		{2F127C70-018F-44D2-9162-5F248EE7061C}.Debug|Any CPU.ActiveCfg = Debug|Any CPU
		{2F127C70-018F-44D2-9162-5F248EE7061C}.Debug|Any CPU.Build.0 = Debug|Any CPU
		{2F127C70-018F-44D2-9162-5F248EE7061C}.Release|Any CPU.ActiveCfg = Release|Any CPU
		{2F127C70-018F-44D2-9162-5F248EE7061C}.Release|Any CPU.Build.0 = Release|Any CPU
		{B9D349BC-A50F-47A2-B5F3-C82ACFA8A297}.Debug|Any CPU.ActiveCfg = Debug|Any CPU
		{B9D349BC-A50F-47A2-B5F3-C82ACFA8A297}.Debug|Any CPU.Build.0 = Debug|Any CPU
		{B9D349BC-A50F-47A2-B5F3-C82ACFA8A297}.Release|Any CPU.ActiveCfg = Release|Any CPU
		{B9D349BC-A50F-47A2-B5F3-C82ACFA8A297}.Release|Any CPU.Build.0 = Release|Any CPU
		{12D44EEE-4C42-4D17-A228-C6DF86156B40}.Debug|Any CPU.ActiveCfg = Debug|Any CPU
		{12D44EEE-4C42-4D17-A228-C6DF86156B40}.Debug|Any CPU.Build.0 = Debug|Any CPU
		{12D44EEE-4C42-4D17-A228-C6DF86156B40}.Release|Any CPU.ActiveCfg = Release|Any CPU
		{12D44EEE-4C42-4D17-A228-C6DF86156B40}.Release|Any CPU.Build.0 = Release|Any CPU
		{9417BA9A-BA8A-4259-BA05-83078260A77C}.Debug|Any CPU.ActiveCfg = Debug|Any CPU
		{9417BA9A-BA8A-4259-BA05-83078260A77C}.Debug|Any CPU.Build.0 = Debug|Any CPU
		{9417BA9A-BA8A-4259-BA05-83078260A77C}.Release|Any CPU.ActiveCfg = Release|Any CPU
		{9417BA9A-BA8A-4259-BA05-83078260A77C}.Release|Any CPU.Build.0 = Release|Any CPU
		{ECE79A5A-6ABF-412A-96B3-E8A30C1C8955}.Debug|Any CPU.ActiveCfg = Debug|Any CPU
		{ECE79A5A-6ABF-412A-96B3-E8A30C1C8955}.Debug|Any CPU.Build.0 = Debug|Any CPU
		{ECE79A5A-6ABF-412A-96B3-E8A30C1C8955}.Release|Any CPU.ActiveCfg = Release|Any CPU
		{ECE79A5A-6ABF-412A-96B3-E8A30C1C8955}.Release|Any CPU.Build.0 = Release|Any CPU
		{8B62C0A2-3A63-4143-AEB7-78DF74D03E0E}.Debug|Any CPU.ActiveCfg = Debug|Any CPU
		{8B62C0A2-3A63-4143-AEB7-78DF74D03E0E}.Debug|Any CPU.Build.0 = Debug|Any CPU
		{8B62C0A2-3A63-4143-AEB7-78DF74D03E0E}.Release|Any CPU.ActiveCfg = Release|Any CPU
		{8B62C0A2-3A63-4143-AEB7-78DF74D03E0E}.Release|Any CPU.Build.0 = Release|Any CPU
		{4102064A-3541-4B22-93F6-EA57551EF07D}.Debug|Any CPU.ActiveCfg = Debug|Any CPU
		{4102064A-3541-4B22-93F6-EA57551EF07D}.Debug|Any CPU.Build.0 = Debug|Any CPU
		{4102064A-3541-4B22-93F6-EA57551EF07D}.Release|Any CPU.ActiveCfg = Release|Any CPU
		{4102064A-3541-4B22-93F6-EA57551EF07D}.Release|Any CPU.Build.0 = Release|Any CPU
		{D33FCD64-F01C-4FFA-9E45-BDDEA4C4FED8}.Debug|Any CPU.ActiveCfg = Debug|Any CPU
		{D33FCD64-F01C-4FFA-9E45-BDDEA4C4FED8}.Debug|Any CPU.Build.0 = Debug|Any CPU
		{D33FCD64-F01C-4FFA-9E45-BDDEA4C4FED8}.Release|Any CPU.ActiveCfg = Release|Any CPU
		{D33FCD64-F01C-4FFA-9E45-BDDEA4C4FED8}.Release|Any CPU.Build.0 = Release|Any CPU
		{517A3DB6-DAC7-424D-9A32-CC14420355C7}.Debug|Any CPU.ActiveCfg = Debug|Any CPU
		{517A3DB6-DAC7-424D-9A32-CC14420355C7}.Debug|Any CPU.Build.0 = Debug|Any CPU
		{517A3DB6-DAC7-424D-9A32-CC14420355C7}.Release|Any CPU.ActiveCfg = Release|Any CPU
		{517A3DB6-DAC7-424D-9A32-CC14420355C7}.Release|Any CPU.Build.0 = Release|Any CPU
		{CA2D0D2C-DEF0-4AE4-B40C-7A83A9AA9B79}.Debug|Any CPU.ActiveCfg = Debug|Any CPU
		{CA2D0D2C-DEF0-4AE4-B40C-7A83A9AA9B79}.Debug|Any CPU.Build.0 = Debug|Any CPU
		{CA2D0D2C-DEF0-4AE4-B40C-7A83A9AA9B79}.Release|Any CPU.ActiveCfg = Release|Any CPU
		{CA2D0D2C-DEF0-4AE4-B40C-7A83A9AA9B79}.Release|Any CPU.Build.0 = Release|Any CPU
		{C6D79425-5405-48BA-9E0F-E9EE47D64058}.Debug|Any CPU.ActiveCfg = Debug|Any CPU
		{C6D79425-5405-48BA-9E0F-E9EE47D64058}.Debug|Any CPU.Build.0 = Debug|Any CPU
		{C6D79425-5405-48BA-9E0F-E9EE47D64058}.Release|Any CPU.ActiveCfg = Release|Any CPU
		{C6D79425-5405-48BA-9E0F-E9EE47D64058}.Release|Any CPU.Build.0 = Release|Any CPU
		{28931852-76E9-4169-90CC-5638E66B4B17}.Debug|Any CPU.ActiveCfg = Debug|Any CPU
		{28931852-76E9-4169-90CC-5638E66B4B17}.Debug|Any CPU.Build.0 = Debug|Any CPU
		{28931852-76E9-4169-90CC-5638E66B4B17}.Release|Any CPU.ActiveCfg = Release|Any CPU
		{28931852-76E9-4169-90CC-5638E66B4B17}.Release|Any CPU.Build.0 = Release|Any CPU
		{26FD17A0-00D3-46C9-9E08-71126D71B572}.Debug|Any CPU.ActiveCfg = Debug|Any CPU
		{26FD17A0-00D3-46C9-9E08-71126D71B572}.Debug|Any CPU.Build.0 = Debug|Any CPU
		{26FD17A0-00D3-46C9-9E08-71126D71B572}.Release|Any CPU.ActiveCfg = Release|Any CPU
		{26FD17A0-00D3-46C9-9E08-71126D71B572}.Release|Any CPU.Build.0 = Release|Any CPU
		{67137B94-6F37-4951-8EB3-4B9A40FCEE0A}.Debug|Any CPU.ActiveCfg = Debug|Any CPU
		{67137B94-6F37-4951-8EB3-4B9A40FCEE0A}.Debug|Any CPU.Build.0 = Debug|Any CPU
		{67137B94-6F37-4951-8EB3-4B9A40FCEE0A}.Release|Any CPU.ActiveCfg = Release|Any CPU
		{67137B94-6F37-4951-8EB3-4B9A40FCEE0A}.Release|Any CPU.Build.0 = Release|Any CPU
		{9CAA58E3-3207-484B-9132-E559A20D3ACE}.Debug|Any CPU.ActiveCfg = Debug|Any CPU
		{9CAA58E3-3207-484B-9132-E559A20D3ACE}.Debug|Any CPU.Build.0 = Debug|Any CPU
		{9CAA58E3-3207-484B-9132-E559A20D3ACE}.Release|Any CPU.ActiveCfg = Release|Any CPU
		{9CAA58E3-3207-484B-9132-E559A20D3ACE}.Release|Any CPU.Build.0 = Release|Any CPU
		{2FA0050F-8669-4C7C-BDD1-17B9E8EE9CB6}.Debug|Any CPU.ActiveCfg = Debug|Any CPU
		{2FA0050F-8669-4C7C-BDD1-17B9E8EE9CB6}.Debug|Any CPU.Build.0 = Debug|Any CPU
		{2FA0050F-8669-4C7C-BDD1-17B9E8EE9CB6}.Release|Any CPU.ActiveCfg = Release|Any CPU
		{2FA0050F-8669-4C7C-BDD1-17B9E8EE9CB6}.Release|Any CPU.Build.0 = Release|Any CPU
		{3F70970B-26EA-40A2-9314-03D4946C9A08}.Debug|Any CPU.ActiveCfg = Debug|Any CPU
		{3F70970B-26EA-40A2-9314-03D4946C9A08}.Debug|Any CPU.Build.0 = Debug|Any CPU
		{3F70970B-26EA-40A2-9314-03D4946C9A08}.Release|Any CPU.ActiveCfg = Release|Any CPU
		{3F70970B-26EA-40A2-9314-03D4946C9A08}.Release|Any CPU.Build.0 = Release|Any CPU
		{A2AADD84-AA65-47AE-834E-475D09E70458}.Debug|Any CPU.ActiveCfg = Debug|Any CPU
		{A2AADD84-AA65-47AE-834E-475D09E70458}.Debug|Any CPU.Build.0 = Debug|Any CPU
		{A2AADD84-AA65-47AE-834E-475D09E70458}.Release|Any CPU.ActiveCfg = Release|Any CPU
		{A2AADD84-AA65-47AE-834E-475D09E70458}.Release|Any CPU.Build.0 = Release|Any CPU
		{9EF16077-5E3D-4508-B73D-B928BA83759A}.Debug|Any CPU.ActiveCfg = Debug|Any CPU
		{9EF16077-5E3D-4508-B73D-B928BA83759A}.Debug|Any CPU.Build.0 = Debug|Any CPU
		{9EF16077-5E3D-4508-B73D-B928BA83759A}.Release|Any CPU.ActiveCfg = Release|Any CPU
		{9EF16077-5E3D-4508-B73D-B928BA83759A}.Release|Any CPU.Build.0 = Release|Any CPU
		{C05EB93F-12BA-444B-90F0-155CB09BEC70}.Debug|Any CPU.ActiveCfg = Debug|Any CPU
		{C05EB93F-12BA-444B-90F0-155CB09BEC70}.Debug|Any CPU.Build.0 = Debug|Any CPU
		{C05EB93F-12BA-444B-90F0-155CB09BEC70}.Release|Any CPU.ActiveCfg = Release|Any CPU
		{C05EB93F-12BA-444B-90F0-155CB09BEC70}.Release|Any CPU.Build.0 = Release|Any CPU
		{A2636C12-07EC-4632-AD4D-60E42DDBCB73}.Debug|Any CPU.ActiveCfg = Debug|Any CPU
		{A2636C12-07EC-4632-AD4D-60E42DDBCB73}.Debug|Any CPU.Build.0 = Debug|Any CPU
		{A2636C12-07EC-4632-AD4D-60E42DDBCB73}.Release|Any CPU.ActiveCfg = Release|Any CPU
		{A2636C12-07EC-4632-AD4D-60E42DDBCB73}.Release|Any CPU.Build.0 = Release|Any CPU
		{5CE736C8-8F3D-4E99-A6FF-2609B1F907CB}.Debug|Any CPU.ActiveCfg = Debug|Any CPU
		{5CE736C8-8F3D-4E99-A6FF-2609B1F907CB}.Debug|Any CPU.Build.0 = Debug|Any CPU
		{5CE736C8-8F3D-4E99-A6FF-2609B1F907CB}.Release|Any CPU.ActiveCfg = Release|Any CPU
		{5CE736C8-8F3D-4E99-A6FF-2609B1F907CB}.Release|Any CPU.Build.0 = Release|Any CPU
		{E107FC09-E793-43E9-88A5-4409D10D6C7F}.Debug|Any CPU.ActiveCfg = Debug|Any CPU
		{E107FC09-E793-43E9-88A5-4409D10D6C7F}.Debug|Any CPU.Build.0 = Debug|Any CPU
		{E107FC09-E793-43E9-88A5-4409D10D6C7F}.Release|Any CPU.ActiveCfg = Release|Any CPU
		{E107FC09-E793-43E9-88A5-4409D10D6C7F}.Release|Any CPU.Build.0 = Release|Any CPU
	EndGlobalSection
	GlobalSection(SolutionProperties) = preSolution
		HideSolutionNode = FALSE
	EndGlobalSection
	GlobalSection(NestedProjects) = preSolution
		{2D110F72-120C-4CC9-862B-90C6375FAE35} = {E9B3CE70-A1C1-41D5-B108-B548BC1C02B0}
		{BEF6A9D5-4586-4132-8890-4899F7CE0524} = {E9B3CE70-A1C1-41D5-B108-B548BC1C02B0}
		{84B3930D-B6A1-4509-9BD4-C6416E9B9590} = {E9B3CE70-A1C1-41D5-B108-B548BC1C02B0}
		{3B972595-D221-4B85-9B27-E9486A98DD63} = {E9B3CE70-A1C1-41D5-B108-B548BC1C02B0}
		{CEDF9A25-D262-4425-B98C-9AE1A5BE08DF} = {E9B3CE70-A1C1-41D5-B108-B548BC1C02B0}
		{27CBEC33-B6B8-4E79-8538-77641D5D7897} = {E9B3CE70-A1C1-41D5-B108-B548BC1C02B0}
		{E9B3CE70-A1C1-41D5-B108-B548BC1C02B0} = {657DBD90-B623-4F82-B0A6-A48002221C68}
		{4171FDFD-F3A9-425A-8FE0-D30C31768677} = {657DBD90-B623-4F82-B0A6-A48002221C68}
		{209646F7-6D94-419E-937F-B7E2902F8B3F} = {4171FDFD-F3A9-425A-8FE0-D30C31768677}
		{CBE15015-2B09-46F0-AF8C-8854F29C3C6F} = {4171FDFD-F3A9-425A-8FE0-D30C31768677}
		{260E1C7A-F3B5-41D2-AB35-29CB6CF1FB0D} = {4171FDFD-F3A9-425A-8FE0-D30C31768677}
		{DB1EEDE2-1809-4CAB-A71F-271B986083C0} = {4171FDFD-F3A9-425A-8FE0-D30C31768677}
		{34C16F22-B878-47D6-A9A1-43BA93737E0C} = {4171FDFD-F3A9-425A-8FE0-D30C31768677}
		{8FB0E872-12B9-4330-ADCA-B93970EFAAC8} = {4171FDFD-F3A9-425A-8FE0-D30C31768677}
		{EF08C146-82EE-4B7B-9569-F0E7DFA3247F} = {657DBD90-B623-4F82-B0A6-A48002221C68}
		{FBF887ED-2429-4692-BA77-ECE6FF48146C} = {EF08C146-82EE-4B7B-9569-F0E7DFA3247F}
		{8B91A715-4175-44E3-8B78-7F2F7FFC4DD0} = {EF08C146-82EE-4B7B-9569-F0E7DFA3247F}
		{9D39FF4A-F652-4C29-8690-57C8EC27BFFA} = {56953D16-E728-4773-B2F9-F797EAC949EC}
		{29EDCD69-9076-4690-B0B6-7E4F01442A17} = {56953D16-E728-4773-B2F9-F797EAC949EC}
		{E398062C-6104-43EA-839B-4914A0096EE8} = {56953D16-E728-4773-B2F9-F797EAC949EC}
		{53F3B907-ECFC-40E4-8566-D05AD843639A} = {56953D16-E728-4773-B2F9-F797EAC949EC}
		{90608D61-233B-4077-A453-82F985151129} = {56953D16-E728-4773-B2F9-F797EAC949EC}
		{63661050-1311-4A9D-87EC-F11ED07267AF} = {56953D16-E728-4773-B2F9-F797EAC949EC}
		{D857CECB-7BF6-44D9-9F24-CB5F8F80433F} = {56953D16-E728-4773-B2F9-F797EAC949EC}
		{60B04532-6EC3-4DF1-A267-DD3518004E87} = {56953D16-E728-4773-B2F9-F797EAC949EC}
		{872A86BD-363E-49B4-8B80-5248FB09EA05} = {56953D16-E728-4773-B2F9-F797EAC949EC}
		{D16C6CA8-790E-4B45-A51E-2B764E69ACBB} = {56953D16-E728-4773-B2F9-F797EAC949EC}
		{17FF173A-A113-4ACC-9754-D466A6CE5D0B} = {56953D16-E728-4773-B2F9-F797EAC949EC}
		{139C6FA1-69CB-4AEB-B3A5-DD87CA8DEFDB} = {56953D16-E728-4773-B2F9-F797EAC949EC}
		{768A8C34-FA6F-4ABC-8FB4-9B000BD0E2E8} = {56953D16-E728-4773-B2F9-F797EAC949EC}
		{718B8766-EE8B-4BC6-8E07-1F4BC75987E5} = {4F7AE5FC-C46C-4850-8B86-384AF8010D05}
		{F1952DA7-A05C-443C-9237-604745E2A1EA} = {657DBD90-B623-4F82-B0A6-A48002221C68}
		{7094E9AC-7FB0-4F57-9D3A-679B6DFEF457} = {F1952DA7-A05C-443C-9237-604745E2A1EA}
		{81CCEA42-F19D-4D15-BFC6-5DAF9EB2D566} = {F1952DA7-A05C-443C-9237-604745E2A1EA}
		{35EF25E9-7450-40AC-958E-845ED903EF02} = {A726780D-4718-4D2D-92A6-FC025284BFF9}
		{62D3DF38-651E-45FF-9540-D98A10B95D84} = {A726780D-4718-4D2D-92A6-FC025284BFF9}
		{F845E969-C643-4AA0-8E8E-D545F6738334} = {A726780D-4718-4D2D-92A6-FC025284BFF9}
		{95822FDA-4D23-460E-B904-DBCDE1435B5D} = {A726780D-4718-4D2D-92A6-FC025284BFF9}
		{A726780D-4718-4D2D-92A6-FC025284BFF9} = {C0FA9DD4-0B81-4A66-86B5-47904C45F230}
		{D8E04C7D-F61D-4BCE-BD01-2C845B02909E} = {C0FA9DD4-0B81-4A66-86B5-47904C45F230}
		{4437BC50-9522-445D-B04B-3CB11E3F8DDE} = {D8E04C7D-F61D-4BCE-BD01-2C845B02909E}
		{CF879361-D343-4E96-B5C3-F024C72FA91C} = {D8E04C7D-F61D-4BCE-BD01-2C845B02909E}
		{C6442E65-5290-4A60-A781-D30270B2D478} = {D8E04C7D-F61D-4BCE-BD01-2C845B02909E}
		{AFB3B18A-CA1F-47C9-992D-A6656468DA29} = {D8E04C7D-F61D-4BCE-BD01-2C845B02909E}
		{FA715717-AA6D-49B3-B65B-4E113940F678} = {D8E04C7D-F61D-4BCE-BD01-2C845B02909E}
		{943C76B6-7D69-431E-9650-CEA7B4BBB03F} = {E9B3CE70-A1C1-41D5-B108-B548BC1C02B0}
		{41F24488-DBE9-4CDA-A4F4-0D8C3952538F} = {E9B3CE70-A1C1-41D5-B108-B548BC1C02B0}
		{2F127C70-018F-44D2-9162-5F248EE7061C} = {E9B3CE70-A1C1-41D5-B108-B548BC1C02B0}
		{B9D349BC-A50F-47A2-B5F3-C82ACFA8A297} = {E9B3CE70-A1C1-41D5-B108-B548BC1C02B0}
		{12D44EEE-4C42-4D17-A228-C6DF86156B40} = {E9B3CE70-A1C1-41D5-B108-B548BC1C02B0}
		{9417BA9A-BA8A-4259-BA05-83078260A77C} = {E9B3CE70-A1C1-41D5-B108-B548BC1C02B0}
		{ECE79A5A-6ABF-412A-96B3-E8A30C1C8955} = {E9B3CE70-A1C1-41D5-B108-B548BC1C02B0}
		{8B62C0A2-3A63-4143-AEB7-78DF74D03E0E} = {E9B3CE70-A1C1-41D5-B108-B548BC1C02B0}
		{4102064A-3541-4B22-93F6-EA57551EF07D} = {E9B3CE70-A1C1-41D5-B108-B548BC1C02B0}
		{D33FCD64-F01C-4FFA-9E45-BDDEA4C4FED8} = {E9B3CE70-A1C1-41D5-B108-B548BC1C02B0}
		{517A3DB6-DAC7-424D-9A32-CC14420355C7} = {E9B3CE70-A1C1-41D5-B108-B548BC1C02B0}
		{CA2D0D2C-DEF0-4AE4-B40C-7A83A9AA9B79} = {A726780D-4718-4D2D-92A6-FC025284BFF9}
		{2D80F9EC-7CC2-47F1-AC51-F7AA6B5C86DE} = {39C6A63A-D64A-4766-8CD7-F241B9076474}
		{C6D79425-5405-48BA-9E0F-E9EE47D64058} = {2D80F9EC-7CC2-47F1-AC51-F7AA6B5C86DE}
		{28931852-76E9-4169-90CC-5638E66B4B17} = {2D80F9EC-7CC2-47F1-AC51-F7AA6B5C86DE}
		{26FD17A0-00D3-46C9-9E08-71126D71B572} = {2D80F9EC-7CC2-47F1-AC51-F7AA6B5C86DE}
		{67137B94-6F37-4951-8EB3-4B9A40FCEE0A} = {2D80F9EC-7CC2-47F1-AC51-F7AA6B5C86DE}
		{9CAA58E3-3207-484B-9132-E559A20D3ACE} = {2D80F9EC-7CC2-47F1-AC51-F7AA6B5C86DE}
		{D8D22768-0F06-409A-8A97-3584342B9F44} = {39C6A63A-D64A-4766-8CD7-F241B9076474}
		{2FA0050F-8669-4C7C-BDD1-17B9E8EE9CB6} = {D8D22768-0F06-409A-8A97-3584342B9F44}
		{3F70970B-26EA-40A2-9314-03D4946C9A08} = {D8D22768-0F06-409A-8A97-3584342B9F44}
		{A2AADD84-AA65-47AE-834E-475D09E70458} = {D8D22768-0F06-409A-8A97-3584342B9F44}
		{9EF16077-5E3D-4508-B73D-B928BA83759A} = {D8D22768-0F06-409A-8A97-3584342B9F44}
		{C05EB93F-12BA-444B-90F0-155CB09BEC70} = {D8D22768-0F06-409A-8A97-3584342B9F44}
		{A2636C12-07EC-4632-AD4D-60E42DDBCB73} = {D8D22768-0F06-409A-8A97-3584342B9F44}
		{5CE736C8-8F3D-4E99-A6FF-2609B1F907CB} = {D8D22768-0F06-409A-8A97-3584342B9F44}
		{E107FC09-E793-43E9-88A5-4409D10D6C7F} = {D8D22768-0F06-409A-8A97-3584342B9F44}
	EndGlobalSection
	GlobalSection(ExtensibilityGlobals) = postSolution
		SolutionGuid = {4A25711A-774C-4DA5-B7C0-D4B62E583970}
	EndGlobalSection
EndGlobal
