
Microsoft Visual Studio Solution File, Format Version 12.00
# Visual Studio 14
VisualStudioVersion = 14.0.24720.0
MinimumVisualStudioVersion = 10.0.40219.1
Project("{FAE04EC0-301F-11D3-BF4B-00C04F79EFBC}") = "01. ArrayContainsElement", "02. ArrayContainsElement\01. ArrayContainsElement.csproj", "{BCAF3884-14CE-41B0-A5EC-A2008478FA63}"
EndProject
Project("{FAE04EC0-301F-11D3-BF4B-00C04F79EFBC}") = "03. ReverseArrayIn-place", "02. ReverseArrayIn-place\03. ReverseArrayIn-place.csproj", "{4B083864-7A9A-44AC-8F05-3B8F1F13DF6E}"
EndProject
Project("{FAE04EC0-301F-11D3-BF4B-00C04F79EFBC}") = "04. SortArrayUsingBubbleSort", "03. SortArrayUsingBubbleSort\04. SortArrayUsingBubbleSort.csproj", "{796A211E-7D74-4CDC-A110-BB77BE17D17B}"
EndProject
Project("{FAE04EC0-301F-11D3-BF4B-00C04F79EFBC}") = "05. SortArrayUsingBubbleSort2.0", "04. SortArrayUsingBubbleSort2.0\05. SortArrayUsingBubbleSort2.0.csproj", "{1FA1650B-146B-4221-B814-18C3B6272F6E}"
EndProject
Project("{FAE04EC0-301F-11D3-BF4B-00C04F79EFBC}") = "01. ArrayContainsElement2.0", "01. ArrayContainsElement2.0\01. ArrayContainsElement2.0.csproj", "{F2506341-64EE-44A4-92A9-C6772D613311}"
EndProject
Project("{FAE04EC0-301F-11D3-BF4B-00C04F79EFBC}") = "02. SmallestElementInArray", "02. SmallestElementInArray\02. SmallestElementInArray.csproj", "{08029FC1-DC91-4EE8-8315-79EE8C86C423}"
EndProject
Project("{FAE04EC0-301F-11D3-BF4B-00C04F79EFBC}") = "06 .SortArrayUsingInsertionSort", "06 .SortArrayUsingInsertionSort\06 .SortArrayUsingInsertionSort.csproj", "{3CB4E821-5985-495E-9920-703B2A9A22F6}"
EndProject
Project("{FAE04EC0-301F-11D3-BF4B-00C04F79EFBC}") = "07. InsertionSortUsingList", "06. InsertionSortUsingList\07. InsertionSortUsingList.csproj", "{9EA357FA-715F-4C17-8954-20427331C2AB}"
EndProject
Project("{FAE04EC0-301F-11D3-BF4B-00C04F79EFBC}") = "08. LargestNElements", "08. LargestNElements\08. LargestNElements.csproj", "{31300541-BEE8-4C05-98F7-D9A88AC8D163}"
EndProject
Global
	GlobalSection(SolutionConfigurationPlatforms) = preSolution
		Debug|Any CPU = Debug|Any CPU
		Release|Any CPU = Release|Any CPU
	EndGlobalSection
	GlobalSection(ProjectConfigurationPlatforms) = postSolution
		{BCAF3884-14CE-41B0-A5EC-A2008478FA63}.Debug|Any CPU.ActiveCfg = Debug|Any CPU
		{BCAF3884-14CE-41B0-A5EC-A2008478FA63}.Debug|Any CPU.Build.0 = Debug|Any CPU
		{BCAF3884-14CE-41B0-A5EC-A2008478FA63}.Release|Any CPU.ActiveCfg = Release|Any CPU
		{BCAF3884-14CE-41B0-A5EC-A2008478FA63}.Release|Any CPU.Build.0 = Release|Any CPU
		{4B083864-7A9A-44AC-8F05-3B8F1F13DF6E}.Debug|Any CPU.ActiveCfg = Debug|Any CPU
		{4B083864-7A9A-44AC-8F05-3B8F1F13DF6E}.Debug|Any CPU.Build.0 = Debug|Any CPU
		{4B083864-7A9A-44AC-8F05-3B8F1F13DF6E}.Release|Any CPU.ActiveCfg = Release|Any CPU
		{4B083864-7A9A-44AC-8F05-3B8F1F13DF6E}.Release|Any CPU.Build.0 = Release|Any CPU
		{796A211E-7D74-4CDC-A110-BB77BE17D17B}.Debug|Any CPU.ActiveCfg = Debug|Any CPU
		{796A211E-7D74-4CDC-A110-BB77BE17D17B}.Debug|Any CPU.Build.0 = Debug|Any CPU
		{796A211E-7D74-4CDC-A110-BB77BE17D17B}.Release|Any CPU.ActiveCfg = Release|Any CPU
		{796A211E-7D74-4CDC-A110-BB77BE17D17B}.Release|Any CPU.Build.0 = Release|Any CPU
		{1FA1650B-146B-4221-B814-18C3B6272F6E}.Debug|Any CPU.ActiveCfg = Debug|Any CPU
		{1FA1650B-146B-4221-B814-18C3B6272F6E}.Debug|Any CPU.Build.0 = Debug|Any CPU
		{1FA1650B-146B-4221-B814-18C3B6272F6E}.Release|Any CPU.ActiveCfg = Release|Any CPU
		{1FA1650B-146B-4221-B814-18C3B6272F6E}.Release|Any CPU.Build.0 = Release|Any CPU
		{F2506341-64EE-44A4-92A9-C6772D613311}.Debug|Any CPU.ActiveCfg = Debug|Any CPU
		{F2506341-64EE-44A4-92A9-C6772D613311}.Debug|Any CPU.Build.0 = Debug|Any CPU
		{F2506341-64EE-44A4-92A9-C6772D613311}.Release|Any CPU.ActiveCfg = Release|Any CPU
		{F2506341-64EE-44A4-92A9-C6772D613311}.Release|Any CPU.Build.0 = Release|Any CPU
		{08029FC1-DC91-4EE8-8315-79EE8C86C423}.Debug|Any CPU.ActiveCfg = Debug|Any CPU
		{08029FC1-DC91-4EE8-8315-79EE8C86C423}.Debug|Any CPU.Build.0 = Debug|Any CPU
		{08029FC1-DC91-4EE8-8315-79EE8C86C423}.Release|Any CPU.ActiveCfg = Release|Any CPU
		{08029FC1-DC91-4EE8-8315-79EE8C86C423}.Release|Any CPU.Build.0 = Release|Any CPU
		{3CB4E821-5985-495E-9920-703B2A9A22F6}.Debug|Any CPU.ActiveCfg = Debug|Any CPU
		{3CB4E821-5985-495E-9920-703B2A9A22F6}.Debug|Any CPU.Build.0 = Debug|Any CPU
		{3CB4E821-5985-495E-9920-703B2A9A22F6}.Release|Any CPU.ActiveCfg = Release|Any CPU
		{3CB4E821-5985-495E-9920-703B2A9A22F6}.Release|Any CPU.Build.0 = Release|Any CPU
		{9EA357FA-715F-4C17-8954-20427331C2AB}.Debug|Any CPU.ActiveCfg = Debug|Any CPU
		{9EA357FA-715F-4C17-8954-20427331C2AB}.Debug|Any CPU.Build.0 = Debug|Any CPU
		{9EA357FA-715F-4C17-8954-20427331C2AB}.Release|Any CPU.ActiveCfg = Release|Any CPU
		{9EA357FA-715F-4C17-8954-20427331C2AB}.Release|Any CPU.Build.0 = Release|Any CPU
		{31300541-BEE8-4C05-98F7-D9A88AC8D163}.Debug|Any CPU.ActiveCfg = Debug|Any CPU
		{31300541-BEE8-4C05-98F7-D9A88AC8D163}.Debug|Any CPU.Build.0 = Debug|Any CPU
		{31300541-BEE8-4C05-98F7-D9A88AC8D163}.Release|Any CPU.ActiveCfg = Release|Any CPU
		{31300541-BEE8-4C05-98F7-D9A88AC8D163}.Release|Any CPU.Build.0 = Release|Any CPU
	EndGlobalSection
	GlobalSection(SolutionProperties) = preSolution
		HideSolutionNode = FALSE
	EndGlobalSection
EndGlobal
